
Microsoft Visual Studio Solution File, Format Version 12.00
# Visual Studio 14
VisualStudioVersion = 14.0.25420.1
MinimumVisualStudioVersion = 10.0.40219.1
Project("{2150E333-8FDC-42A3-9474-1A3956D46DE8}") = "Common", "Common", "{B9085B99-B60F-419F-9531-6BF5B1152D89}"
EndProject
Project("{2150E333-8FDC-42A3-9474-1A3956D46DE8}") = "Web", "Web", "{53AD8AFC-B10D-45C9-880B-24BD84ACC103}"
EndProject
Project("{2150E333-8FDC-42A3-9474-1A3956D46DE8}") = "Services", "Services", "{019A7910-7246-4081-9FA2-C2210387F8C8}"
EndProject
Project("{2150E333-8FDC-42A3-9474-1A3956D46DE8}") = "Data", "Data", "{51FDA9FA-267A-48F1-8F21-DB67ACCD241B}"
EndProject
Project("{2150E333-8FDC-42A3-9474-1A3956D46DE8}") = "Tests", "Tests", "{B995ECC4-1107-43EE-A928-A266AD74F6DB}"
EndProject
Project("{FAE04EC0-301F-11D3-BF4B-00C04F79EFBC}") = "CarsSystem.Data", "Data\CarsSystem.Data\CarsSystem.Data.csproj", "{A13A0D1F-BB4C-4D2B-844D-361BDC8F981B}"
EndProject
Project("{FAE04EC0-301F-11D3-BF4B-00C04F79EFBC}") = "CarsSystem.Data.Models", "Data\CarsSystem.Data.Models\CarsSystem.Data.Models.csproj", "{169F5636-2CE7-47E4-88DE-9DEB109E1CAC}"
EndProject
Project("{FAE04EC0-301F-11D3-BF4B-00C04F79EFBC}") = "CarsSystem.Services", "Services\CarsSystem.Services\CarsSystem.Services.csproj", "{EF373982-2CDE-4897-BFB5-932595EEFA12}"
EndProject
Project("{FAE04EC0-301F-11D3-BF4B-00C04F79EFBC}") = "Common", "Common\Common\Common.csproj", "{F4747700-A6CA-44A7-8876-E47941D6D34F}"
EndProject
Project("{FAE04EC0-301F-11D3-BF4B-00C04F79EFBC}") = "CarsSystem.Tests", "Tests\CarsSystem.Tests\CarsSystem.Tests.csproj", "{A82C85D8-F36D-41BF-9C9D-4482CC6E336E}"
EndProject
Global
	GlobalSection(SolutionConfigurationPlatforms) = preSolution
		Debug|Any CPU = Debug|Any CPU
		Release|Any CPU = Release|Any CPU
	EndGlobalSection
	GlobalSection(ProjectConfigurationPlatforms) = postSolution
		{A13A0D1F-BB4C-4D2B-844D-361BDC8F981B}.Debug|Any CPU.ActiveCfg = Debug|Any CPU
		{A13A0D1F-BB4C-4D2B-844D-361BDC8F981B}.Debug|Any CPU.Build.0 = Debug|Any CPU
		{A13A0D1F-BB4C-4D2B-844D-361BDC8F981B}.Release|Any CPU.ActiveCfg = Release|Any CPU
		{A13A0D1F-BB4C-4D2B-844D-361BDC8F981B}.Release|Any CPU.Build.0 = Release|Any CPU
		{169F5636-2CE7-47E4-88DE-9DEB109E1CAC}.Debug|Any CPU.ActiveCfg = Debug|Any CPU
		{169F5636-2CE7-47E4-88DE-9DEB109E1CAC}.Debug|Any CPU.Build.0 = Debug|Any CPU
		{169F5636-2CE7-47E4-88DE-9DEB109E1CAC}.Release|Any CPU.ActiveCfg = Release|Any CPU
		{169F5636-2CE7-47E4-88DE-9DEB109E1CAC}.Release|Any CPU.Build.0 = Release|Any CPU
		{EF373982-2CDE-4897-BFB5-932595EEFA12}.Debug|Any CPU.ActiveCfg = Debug|Any CPU
		{EF373982-2CDE-4897-BFB5-932595EEFA12}.Debug|Any CPU.Build.0 = Debug|Any CPU
		{EF373982-2CDE-4897-BFB5-932595EEFA12}.Release|Any CPU.ActiveCfg = Release|Any CPU
		{EF373982-2CDE-4897-BFB5-932595EEFA12}.Release|Any CPU.Build.0 = Release|Any CPU
		{F4747700-A6CA-44A7-8876-E47941D6D34F}.Debug|Any CPU.ActiveCfg = Debug|Any CPU
		{F4747700-A6CA-44A7-8876-E47941D6D34F}.Debug|Any CPU.Build.0 = Debug|Any CPU
		{F4747700-A6CA-44A7-8876-E47941D6D34F}.Release|Any CPU.ActiveCfg = Release|Any CPU
		{F4747700-A6CA-44A7-8876-E47941D6D34F}.Release|Any CPU.Build.0 = Release|Any CPU
		{A82C85D8-F36D-41BF-9C9D-4482CC6E336E}.Debug|Any CPU.ActiveCfg = Debug|Any CPU
		{A82C85D8-F36D-41BF-9C9D-4482CC6E336E}.Debug|Any CPU.Build.0 = Debug|Any CPU
		{A82C85D8-F36D-41BF-9C9D-4482CC6E336E}.Release|Any CPU.ActiveCfg = Release|Any CPU
		{A82C85D8-F36D-41BF-9C9D-4482CC6E336E}.Release|Any CPU.Build.0 = Release|Any CPU
	EndGlobalSection
	GlobalSection(SolutionProperties) = preSolution
		HideSolutionNode = FALSE
	EndGlobalSection
	GlobalSection(NestedProjects) = preSolution
		{A13A0D1F-BB4C-4D2B-844D-361BDC8F981B} = {51FDA9FA-267A-48F1-8F21-DB67ACCD241B}
		{169F5636-2CE7-47E4-88DE-9DEB109E1CAC} = {51FDA9FA-267A-48F1-8F21-DB67ACCD241B}
		{EF373982-2CDE-4897-BFB5-932595EEFA12} = {019A7910-7246-4081-9FA2-C2210387F8C8}
		{F4747700-A6CA-44A7-8876-E47941D6D34F} = {B9085B99-B60F-419F-9531-6BF5B1152D89}
		{A82C85D8-F36D-41BF-9C9D-4482CC6E336E} = {B995ECC4-1107-43EE-A928-A266AD74F6DB}
	EndGlobalSection
EndGlobal
